
Microsoft Visual Studio Solution File, Format Version 12.00
# Visual Studio Version 17
VisualStudioVersion = 17.1.32328.378
MinimumVisualStudioVersion = 10.0.40219.1
Project("{9A19103F-16F7-4668-BE54-9A1E7A4F7556}") = "EazyExcel", "EazyExcel.csproj", "{F800094D-FA8E-4291-8521-27886B087AE1}"
EndProject
Global
	GlobalSection(SolutionConfigurationPlatforms) = preSolution
		Debug|Any CPU = Debug|Any CPU
		Release|Any CPU = Release|Any CPU
	EndGlobalSection
	GlobalSection(ProjectConfigurationPlatforms) = postSolution
		{F800094D-FA8E-4291-8521-27886B087AE1}.Debug|Any CPU.ActiveCfg = Debug|Any CPU
		{F800094D-FA8E-4291-8521-27886B087AE1}.Debug|Any CPU.Build.0 = Debug|Any CPU
		{F800094D-FA8E-4291-8521-27886B087AE1}.Release|Any CPU.ActiveCfg = Release|Any CPU
		{F800094D-FA8E-4291-8521-27886B087AE1}.Release|Any CPU.Build.0 = Release|Any CPU
	EndGlobalSection
	GlobalSection(SolutionProperties) = preSolution
		HideSolutionNode = FALSE
	EndGlobalSection
	GlobalSection(ExtensibilityGlobals) = postSolution
		SolutionGuid = {1AD17CD3-82F8-4215-AB92-452846F18493}
	EndGlobalSection
EndGlobal
